
Microsoft Visual Studio Solution File, Format Version 12.00
# Visual Studio Version 17
VisualStudioVersion = 17.2.32616.157
MinimumVisualStudioVersion = 10.0.40219.1
Project("{9A19103F-16F7-4668-BE54-9A1E7A4F7556}") = "Timesheets", "Timesheets.csproj", "{6DCAE6BA-26F0-4ACD-87BD-FE786AC57EE0}"
EndProject
Project("{FAE04EC0-301F-11D3-BF4B-00C04F79EFBC}") = "TestDataTDD", "..\TestDataTDD\TestDataTDD.csproj", "{C1E8103F-BBC6-41BB-895D-129992BA9238}"
EndProject
Project("{FAE04EC0-301F-11D3-BF4B-00C04F79EFBC}") = "xUnitTestDataTDD", "..\xUnitTestDataTDD\xUnitTestDataTDD.csproj", "{E3CBBC54-2973-47E7-B81D-F61E0F83FFA2}"
EndProject
Global
	GlobalSection(SolutionConfigurationPlatforms) = preSolution
		Debug|Any CPU = Debug|Any CPU
		Release|Any CPU = Release|Any CPU
	EndGlobalSection
	GlobalSection(ProjectConfigurationPlatforms) = postSolution
		{6DCAE6BA-26F0-4ACD-87BD-FE786AC57EE0}.Debug|Any CPU.ActiveCfg = Debug|Any CPU
		{6DCAE6BA-26F0-4ACD-87BD-FE786AC57EE0}.Debug|Any CPU.Build.0 = Debug|Any CPU
		{6DCAE6BA-26F0-4ACD-87BD-FE786AC57EE0}.Release|Any CPU.ActiveCfg = Release|Any CPU
		{6DCAE6BA-26F0-4ACD-87BD-FE786AC57EE0}.Release|Any CPU.Build.0 = Release|Any CPU
		{C1E8103F-BBC6-41BB-895D-129992BA9238}.Debug|Any CPU.ActiveCfg = Debug|Any CPU
		{C1E8103F-BBC6-41BB-895D-129992BA9238}.Debug|Any CPU.Build.0 = Debug|Any CPU
		{C1E8103F-BBC6-41BB-895D-129992BA9238}.Release|Any CPU.ActiveCfg = Release|Any CPU
		{C1E8103F-BBC6-41BB-895D-129992BA9238}.Release|Any CPU.Build.0 = Release|Any CPU
		{E3CBBC54-2973-47E7-B81D-F61E0F83FFA2}.Debug|Any CPU.ActiveCfg = Debug|Any CPU
		{E3CBBC54-2973-47E7-B81D-F61E0F83FFA2}.Debug|Any CPU.Build.0 = Debug|Any CPU
		{E3CBBC54-2973-47E7-B81D-F61E0F83FFA2}.Release|Any CPU.ActiveCfg = Release|Any CPU
		{E3CBBC54-2973-47E7-B81D-F61E0F83FFA2}.Release|Any CPU.Build.0 = Release|Any CPU
	EndGlobalSection
	GlobalSection(SolutionProperties) = preSolution
		HideSolutionNode = FALSE
	EndGlobalSection
	GlobalSection(ExtensibilityGlobals) = postSolution
		SolutionGuid = {FC34A004-3BA3-48E1-BFE4-1A7DCB1507E0}
	EndGlobalSection
EndGlobal
